github.com/BurntSushi/toml v0.3.1 h1:WXkYYl6Yr3qBf1K79EBnL4mak0OimBfB0XUf9Vl28OQ=
github.com/BurntSushi/toml v0.3.1/go.mod h1:xHWCNGjB5oqiDr8zfno3MHue2Ht5sIBksp03qcyfWMU=
github.com/ivpusic/go-clicolor v0.0.0-20150828210804-23f0b77f328a h1:C719vWPNIn8w0UnivhhvfIge00brg2r5BsCBmZmSWGo=
github.com/ivpusic/go-clicolor v0.0.0-20150828210804-23f0b77f328a/go.mod h1:0SFPvHdCWDlfm+uc7SYrZ30bF1sH1O1iEzBkvscKVqg=
github.com/ivpusic/golog v0.0.0-20170608213328-28640bee649f h1:FaZoTHC/do/ABnS4SLlgmILuimaaiSDcqBdGc13xJFA=
github.com/ivpusic/golog v0.0.0-20170608213328-28640bee649f/go.mod h1:EjZtQ4YORF5NXI9IZ+zcbIye4yhMFEwZjn1B0GeH88Q=
github.com/ivpusic/neo v0.3.0 h1:2LX946Y1cU18m36Q1hR095/WRg+aulU9uRnPsJY1AiE=
github.com/ivpusic/neo v0.3.0/go.mod h1:CvLaw8LaN8AG2+XcN+6J4ddokMfuNtfewhrz3Hhpfyw=
github.com/ivpusic/urlregex v0.0.0-20160128000749-4dd86e784405 h1:rdxEi0NO7SSnqYaOQmNzAIOSloljKLb5ispwRhbDj5s=
github.com/ivpusic/urlregex v0.0.0-20160128000749-4dd86e784405/go.mod h1:TxQx9CapobgN5JPtr1KWD1jLb2y5ZUKm7rbb7GL9sO0=
github.com/shiena/ansicolor v0.0.0-20151119151921-a422bbe96644 h1:X+yvsM2yrEktyI+b2qND5gpH8YhURn0k8OCaeRnkINo=
github.com/shiena/ansicolor v0.0.0-20151119151921-a422bbe96644/go.mod h1:nkxAfR/5quYxwPZhyDxgasBMnRtBZd0FCEpawpjMUFg=
